{
  "name": "alfred",
  "version": "1.0.0",
  "lockfileVersion": 2,
  "requires": true,
  "packages": {
    "": {
      "name": "alfred",
      "version": "1.0.0",
      "license": "ISC",
      "dependencies": {
        "@fortawesome/fontawesome-free": "^5.8.2",
        "bootstrap": "^4.4.1",
        "bootstrap-datepicker": "^1.9",
        "bootstrap-select": "^1.13",
        "fontawesome": "^5.6.3",
        "happy-inputs": "^2.0",
        "jquery": "^3.4.1",
        "jquery-ui-sortable": "^1.0.0",
        "naja": "^2.5.0",
        "nette-forms": "^3.0",
        "popper.js": "^1.14.7",
        "ublaboo-datagrid": "^6.2"
      }
    },
    "node_modules/@babel/runtime": {
      "version": "7.20.13",
      "resolved": "https://registry.npmjs.org/@babel/runtime/-/runtime-7.20.13.tgz",
      "integrity": "sha512-gt3PKXs0DBoL9xCvOIIZ2NEqAGZqHjAnmVbfQtB620V0uReIQutpel14KcneZuer7UioY8ALKZ7iocavvzTNFA==",
      "dependencies": {
        "regenerator-runtime": "^0.13.11"
      },
      "engines": {
        "node": ">=6.9.0"
      }
    },
    "node_modules/@fortawesome/fontawesome-free": {
      "version": "5.15.4",
      "resolved": "https://registry.npmjs.org/@fortawesome/fontawesome-free/-/fontawesome-free-5.15.4.tgz",
      "integrity": "sha512-eYm8vijH/hpzr/6/1CJ/V/Eb1xQFW2nnUKArb3z+yUWv7HTwj6M7SP957oMjfZjAHU6qpoNc2wQvIxBLWYa/Jg==",
      "hasInstallScript": true,
      "engines": {
        "node": ">=6"
      }
    },
    "node_modules/bootstrap": {
      "version": "4.6.2",
      "resolved": "https://registry.npmjs.org/bootstrap/-/bootstrap-4.6.2.tgz",
      "integrity": "sha512-51Bbp/Uxr9aTuy6ca/8FbFloBUJZLHwnhTcnjIeRn2suQWsWzcuJhGjKDB5eppVte/8oCdOL3VuwxvZDUggwGQ==",
      "funding": [
        {
          "type": "github",
          "url": "https://github.com/sponsors/twbs"
        },
        {
          "type": "opencollective",
          "url": "https://opencollective.com/bootstrap"
        }
      ],
      "peerDependencies": {
        "jquery": "1.9.1 - 3",
        "popper.js": "^1.16.1"
      }
    },
    "node_modules/bootstrap-datepicker": {
      "version": "1.9.0",
      "resolved": "https://registry.npmjs.org/bootstrap-datepicker/-/bootstrap-datepicker-1.9.0.tgz",
      "integrity": "sha512-9rYYbaVOheGYxjOr/+bJCmRPihfy+LkLSg4fIFMT9Od8WwWB/MB50w0JO1eBgKUMbb7PFHQD5uAfI3ArAxZRXA==",
      "dependencies": {
        "jquery": ">=1.7.1 <4.0.0"
      }
    },
    "node_modules/bootstrap-select": {
      "version": "1.13.18",
      "resolved": "https://registry.npmjs.org/bootstrap-select/-/bootstrap-select-1.13.18.tgz",
      "integrity": "sha512-V1IzK4rxBq5FrJtkzSH6RmFLFBsjx50byFbfAf8jYyXROWs7ZpprGjdHeoyq2HSsHyjJhMMwjsQhRoYAfxCGow==",
      "peerDependencies": {
        "bootstrap": ">=3.0.0",
        "jquery": "1.9.1 - 3"
      }
    },
    "node_modules/fontawesome": {
      "version": "5.6.3",
      "resolved": "https://registry.npmjs.org/fontawesome/-/fontawesome-5.6.3.tgz",
      "integrity": "sha512-FCc+CawwsJWWprVEg9X14yI7zI+l9YVAyhzgu70qwGeDn0tLLDH/dVfqgij72g4BBGgLGfK2qnvFGAmYUkhaWg=="
    },
    "node_modules/happy-inputs": {
      "version": "2.1.0",
      "resolved": "https://registry.npmjs.org/happy-inputs/-/happy-inputs-2.1.0.tgz",
      "integrity": "sha512-xv0ulEIUo/1DbuJbl0Rs+3MDy+D7BkDYA710Re1dpeX4mDnqA8+jTZacVNi/xELa2dCjxOkZB84oFAhxoRkRhQ=="
    },
    "node_modules/jquery": {
      "version": "3.6.3",
      "resolved": "https://registry.npmjs.org/jquery/-/jquery-3.6.3.tgz",
      "integrity": "sha512-bZ5Sy3YzKo9Fyc8wH2iIQK4JImJ6R0GWI9kL1/k7Z91ZBNgkRXE6U0JfHIizZbort8ZunhSI3jw9I6253ahKfg=="
    },
    "node_modules/jquery-ui-sortable": {
      "version": "1.0.0",
      "resolved": "https://registry.npmjs.org/jquery-ui-sortable/-/jquery-ui-sortable-1.0.0.tgz",
      "integrity": "sha512-7xAUWoEJ/jHoj48ei8CCUtiad2uM3ie3IR2b3KB0Mpmb54IbBxzVb5vtrj0zqtd0GNQDImx+BPZml9QmK2EL3w=="
    },
    "node_modules/naja": {
      "version": "2.5.0",
      "resolved": "https://registry.npmjs.org/naja/-/naja-2.5.0.tgz",
      "integrity": "sha512-SmGR5VVVtF7jF6EPRkPx+cuhzsxDvKKbs+XO8RO2/2En2l2PBe9LglwFBbYIWMLxeGuYl5wGt2MQvkUjjVaagg==",
      "dependencies": {
        "@babel/runtime": "^7.18.3"
      }
    },
    "node_modules/nette-forms": {
      "version": "3.3.1",
      "resolved": "https://registry.npmjs.org/nette-forms/-/nette-forms-3.3.1.tgz",
      "integrity": "sha512-UOmA3rF+FjpSci5CGmMtsy79PMWCcl0yyfyCd8YXVS+c68FAnVq3ref5qSxYFcwFynTqcPsYKhsNh8eYW5nVhQ=="
    },
    "node_modules/popper.js": {
      "version": "1.16.1",
      "resolved": "https://registry.npmjs.org/popper.js/-/popper.js-1.16.1.tgz",
      "integrity": "sha512-Wb4p1J4zyFTbM+u6WuO4XstYx4Ky9Cewe4DWrel7B0w6VVICvPwdOpotjzcf6eD8TsckVnIMNONQyPIUFOUbCQ==",
      "deprecated": "You can find the new Popper v2 at @popperjs/core, this package is dedicated to the legacy v1",
      "funding": {
        "type": "opencollective",
        "url": "https://opencollective.com/popperjs"
      }
    },
    "node_modules/regenerator-runtime": {
      "version": "0.13.11",
      "resolved": "https://registry.npmjs.org/regenerator-runtime/-/regenerator-runtime-0.13.11.tgz",
      "integrity": "sha512-kY1AZVr2Ra+t+piVaJ4gxaFaReZVH40AKNo7UCX6W+dEwBo/2oZJzqfuN1qLq1oL45o56cPaTXELwrTh8Fpggg=="
    },
    "node_modules/ublaboo-datagrid": {
      "version": "6.9.1",
      "resolved": "https://registry.npmjs.org/ublaboo-datagrid/-/ublaboo-datagrid-6.9.1.tgz",
      "integrity": "sha512-b5oaMIJHKPat97xzBwC6BeN8QNSJH5rLzA4yU0SqFm5q4d0tJlsze6knPV0tWWjSV1Z+aaoTgVKX83l4XnZ4Xw=="
    }
  },
  "dependencies": {
    "@babel/runtime": {
      "version": "7.20.13",
      "resolved": "https://registry.npmjs.org/@babel/runtime/-/runtime-7.20.13.tgz",
      "integrity": "sha512-gt3PKXs0DBoL9xCvOIIZ2NEqAGZqHjAnmVbfQtB620V0uReIQutpel14KcneZuer7UioY8ALKZ7iocavvzTNFA==",
      "requires": {
        "regenerator-runtime": "^0.13.11"
      }
    },
    "@fortawesome/fontawesome-free": {
      "version": "5.15.4",
      "resolved": "https://registry.npmjs.org/@fortawesome/fontawesome-free/-/fontawesome-free-5.15.4.tgz",
      "integrity": "sha512-eYm8vijH/hpzr/6/1CJ/V/Eb1xQFW2nnUKArb3z+yUWv7HTwj6M7SP957oMjfZjAHU6qpoNc2wQvIxBLWYa/Jg=="
    },
    "bootstrap": {
      "version": "4.6.2",
      "resolved": "https://registry.npmjs.org/bootstrap/-/bootstrap-4.6.2.tgz",
      "integrity": "sha512-51Bbp/Uxr9aTuy6ca/8FbFloBUJZLHwnhTcnjIeRn2suQWsWzcuJhGjKDB5eppVte/8oCdOL3VuwxvZDUggwGQ==",
      "requires": {}
    },
    "bootstrap-datepicker": {
      "version": "1.9.0",
      "resolved": "https://registry.npmjs.org/bootstrap-datepicker/-/bootstrap-datepicker-1.9.0.tgz",
      "integrity": "sha512-9rYYbaVOheGYxjOr/+bJCmRPihfy+LkLSg4fIFMT9Od8WwWB/MB50w0JO1eBgKUMbb7PFHQD5uAfI3ArAxZRXA==",
      "requires": {
        "jquery": ">=1.7.1 <4.0.0"
      }
    },
    "bootstrap-select": {
      "version": "1.13.18",
      "resolved": "https://registry.npmjs.org/bootstrap-select/-/bootstrap-select-1.13.18.tgz",
      "integrity": "sha512-V1IzK4rxBq5FrJtkzSH6RmFLFBsjx50byFbfAf8jYyXROWs7ZpprGjdHeoyq2HSsHyjJhMMwjsQhRoYAfxCGow==",
      "requires": {}
    },
    "fontawesome": {
      "version": "5.6.3",
      "resolved": "https://registry.npmjs.org/fontawesome/-/fontawesome-5.6.3.tgz",
      "integrity": "sha512-FCc+CawwsJWWprVEg9X14yI7zI+l9YVAyhzgu70qwGeDn0tLLDH/dVfqgij72g4BBGgLGfK2qnvFGAmYUkhaWg=="
    },
    "happy-inputs": {
      "version": "2.1.0",
      "resolved": "https://registry.npmjs.org/happy-inputs/-/happy-inputs-2.1.0.tgz",
      "integrity": "sha512-xv0ulEIUo/1DbuJbl0Rs+3MDy+D7BkDYA710Re1dpeX4mDnqA8+jTZacVNi/xELa2dCjxOkZB84oFAhxoRkRhQ=="
    },
    "jquery": {
      "version": "3.6.3",
      "resolved": "https://registry.npmjs.org/jquery/-/jquery-3.6.3.tgz",
      "integrity": "sha512-bZ5Sy3YzKo9Fyc8wH2iIQK4JImJ6R0GWI9kL1/k7Z91ZBNgkRXE6U0JfHIizZbort8ZunhSI3jw9I6253ahKfg=="
    },
    "jquery-ui-sortable": {
      "version": "1.0.0",
      "resolved": "https://registry.npmjs.org/jquery-ui-sortable/-/jquery-ui-sortable-1.0.0.tgz",
      "integrity": "sha512-7xAUWoEJ/jHoj48ei8CCUtiad2uM3ie3IR2b3KB0Mpmb54IbBxzVb5vtrj0zqtd0GNQDImx+BPZml9QmK2EL3w=="
    },
    "naja": {
      "version": "2.5.0",
      "resolved": "https://registry.npmjs.org/naja/-/naja-2.5.0.tgz",
      "integrity": "sha512-SmGR5VVVtF7jF6EPRkPx+cuhzsxDvKKbs+XO8RO2/2En2l2PBe9LglwFBbYIWMLxeGuYl5wGt2MQvkUjjVaagg==",
      "requires": {
        "@babel/runtime": "^7.18.3"
      }
    },
    "nette-forms": {
      "version": "3.3.1",
      "resolved": "https://registry.npmjs.org/nette-forms/-/nette-forms-3.3.1.tgz",
      "integrity": "sha512-UOmA3rF+FjpSci5CGmMtsy79PMWCcl0yyfyCd8YXVS+c68FAnVq3ref5qSxYFcwFynTqcPsYKhsNh8eYW5nVhQ=="
    },
    "popper.js": {
      "version": "1.16.1",
      "resolved": "https://registry.npmjs.org/popper.js/-/popper.js-1.16.1.tgz",
      "integrity": "sha512-Wb4p1J4zyFTbM+u6WuO4XstYx4Ky9Cewe4DWrel7B0w6VVICvPwdOpotjzcf6eD8TsckVnIMNONQyPIUFOUbCQ=="
    },
    "regenerator-runtime": {
      "version": "0.13.11",
      "resolved": "https://registry.npmjs.org/regenerator-runtime/-/regenerator-runtime-0.13.11.tgz",
      "integrity": "sha512-kY1AZVr2Ra+t+piVaJ4gxaFaReZVH40AKNo7UCX6W+dEwBo/2oZJzqfuN1qLq1oL45o56cPaTXELwrTh8Fpggg=="
    },
    "ublaboo-datagrid": {
      "version": "6.9.1",
      "resolved": "https://registry.npmjs.org/ublaboo-datagrid/-/ublaboo-datagrid-6.9.1.tgz",
      "integrity": "sha512-b5oaMIJHKPat97xzBwC6BeN8QNSJH5rLzA4yU0SqFm5q4d0tJlsze6knPV0tWWjSV1Z+aaoTgVKX83l4XnZ4Xw=="
    }
  }
}
